
Microsoft Visual Studio Solution File, Format Version 12.00
# Visual Studio 14
VisualStudioVersion = 14.0.25420.1
MinimumVisualStudioVersion = 10.0.40219.1
Project("{FAE04EC0-301F-11D3-BF4B-00C04F79EFBC}") = "WeatherWebAPIService", "WeatherWebAPIService\WeatherWebAPIService.csproj", "{9ACE95D8-4E75-4F8F-948F-73C26CC432E9}"
EndProject
Project("{FAE04EC0-301F-11D3-BF4B-00C04F79EFBC}") = "WeatherWebAPIService.Tests", "WeatherWebAPIService.Tests\WeatherWebAPIService.Tests.csproj", "{137A886F-574D-4F08-BD27-C1380D5A2C28}"
EndProject
Global
	GlobalSection(SolutionConfigurationPlatforms) = preSolution
		Debug|Any CPU = Debug|Any CPU
		Release|Any CPU = Release|Any CPU
	EndGlobalSection
	GlobalSection(ProjectConfigurationPlatforms) = postSolution
		{9ACE95D8-4E75-4F8F-948F-73C26CC432E9}.Debug|Any CPU.ActiveCfg = Debug|Any CPU
		{9ACE95D8-4E75-4F8F-948F-73C26CC432E9}.Debug|Any CPU.Build.0 = Debug|Any CPU
		{9ACE95D8-4E75-4F8F-948F-73C26CC432E9}.Release|Any CPU.ActiveCfg = Release|Any CPU
		{9ACE95D8-4E75-4F8F-948F-73C26CC432E9}.Release|Any CPU.Build.0 = Release|Any CPU
		{137A886F-574D-4F08-BD27-C1380D5A2C28}.Debug|Any CPU.ActiveCfg = Debug|Any CPU
		{137A886F-574D-4F08-BD27-C1380D5A2C28}.Debug|Any CPU.Build.0 = Debug|Any CPU
		{137A886F-574D-4F08-BD27-C1380D5A2C28}.Release|Any CPU.ActiveCfg = Release|Any CPU
		{137A886F-574D-4F08-BD27-C1380D5A2C28}.Release|Any CPU.Build.0 = Release|Any CPU
	EndGlobalSection
	GlobalSection(SolutionProperties) = preSolution
		HideSolutionNode = FALSE
	EndGlobalSection
EndGlobal
